
Microsoft Visual Studio Solution File, Format Version 12.00
# Visual Studio Version 16
VisualStudioVersion = 16.0.29926.136
MinimumVisualStudioVersion = 10.0.40219.1
Project("{FAE04EC0-301F-11D3-BF4B-00C04F79EFBC}") = "Lab6", "Lab6\Lab6.csproj", "{2C0A236A-F14C-4156-A391-865064CBD52B}"
EndProject
Global
	GlobalSection(SolutionConfigurationPlatforms) = preSolution
		Debug|Any CPU = Debug|Any CPU
		Release|Any CPU = Release|Any CPU
	EndGlobalSection
	GlobalSection(ProjectConfigurationPlatforms) = postSolution
		{2C0A236A-F14C-4156-A391-865064CBD52B}.Debug|Any CPU.ActiveCfg = Debug|Any CPU
		{2C0A236A-F14C-4156-A391-865064CBD52B}.Debug|Any CPU.Build.0 = Debug|Any CPU
		{2C0A236A-F14C-4156-A391-865064CBD52B}.Release|Any CPU.ActiveCfg = Release|Any CPU
		{2C0A236A-F14C-4156-A391-865064CBD52B}.Release|Any CPU.Build.0 = Release|Any CPU
	EndGlobalSection
	GlobalSection(SolutionProperties) = preSolution
		HideSolutionNode = FALSE
	EndGlobalSection
	GlobalSection(ExtensibilityGlobals) = postSolution
		SolutionGuid = {5E4AF692-7925-40BD-8E15-B4970E7C96B0}
	EndGlobalSection
EndGlobal
